
Microsoft Visual Studio Solution File, Format Version 12.00
# Visual Studio Version 17
VisualStudioVersion = 17.10.35122.118
MinimumVisualStudioVersion = 10.0.40219.1
Project("{9A19103F-16F7-4668-BE54-9A1E7A4F7556}") = "UserProfileApp", "UserProfileApp.csproj", "{FF4CAAC1-DE99-4044-9B48-E5EB2E699730}"
EndProject
Global
	GlobalSection(SolutionConfigurationPlatforms) = preSolution
		Debug|Any CPU = Debug|Any CPU
		Release|Any CPU = Release|Any CPU
	EndGlobalSection
	GlobalSection(ProjectConfigurationPlatforms) = postSolution
		{FF4CAAC1-DE99-4044-9B48-E5EB2E699730}.Debug|Any CPU.ActiveCfg = Debug|Any CPU
		{FF4CAAC1-DE99-4044-9B48-E5EB2E699730}.Debug|Any CPU.Build.0 = Debug|Any CPU
		{FF4CAAC1-DE99-4044-9B48-E5EB2E699730}.Release|Any CPU.ActiveCfg = Release|Any CPU
		{FF4CAAC1-DE99-4044-9B48-E5EB2E699730}.Release|Any CPU.Build.0 = Release|Any CPU
	EndGlobalSection
	GlobalSection(SolutionProperties) = preSolution
		HideSolutionNode = FALSE
	EndGlobalSection
	GlobalSection(ExtensibilityGlobals) = postSolution
		SolutionGuid = {57D3B3BC-D1E3-457D-9993-F60BCB008D2B}
	EndGlobalSection
EndGlobal
